
Microsoft Visual Studio Solution File, Format Version 12.00
# Visual Studio 15
VisualStudioVersion = 15.0.27703.2026
MinimumVisualStudioVersion = 10.0.40219.1
Project("{FAE04EC0-301F-11D3-BF4B-00C04F79EFBC}") = "BulkUpdateTest", "BulkUpdateTest\BulkUpdateTest.csproj", "{A372C860-929F-47B0-8F29-327794DF287A}"
EndProject
Global
	GlobalSection(SolutionConfigurationPlatforms) = preSolution
		Debug|Any CPU = Debug|Any CPU
		Release|Any CPU = Release|Any CPU
	EndGlobalSection
	GlobalSection(ProjectConfigurationPlatforms) = postSolution
		{A372C860-929F-47B0-8F29-327794DF287A}.Debug|Any CPU.ActiveCfg = Debug|Any CPU
		{A372C860-929F-47B0-8F29-327794DF287A}.Debug|Any CPU.Build.0 = Debug|Any CPU
		{A372C860-929F-47B0-8F29-327794DF287A}.Release|Any CPU.ActiveCfg = Release|Any CPU
		{A372C860-929F-47B0-8F29-327794DF287A}.Release|Any CPU.Build.0 = Release|Any CPU
	EndGlobalSection
	GlobalSection(SolutionProperties) = preSolution
		HideSolutionNode = FALSE
	EndGlobalSection
	GlobalSection(ExtensibilityGlobals) = postSolution
		SolutionGuid = {6FDD0FEA-3F89-4736-B773-477D343DDE8C}
	EndGlobalSection
EndGlobal
